// !$*UTF8*$!
{
	archiveVersion = 1;
	classes = {
	};
	objectVersion = 50;
	objects = {

/* Begin PBXBuildFile section */
		063D427120F40EF8004C8DB3 /* AboutViewController.swift in Sources */ = {isa = PBXBuildFile; fileRef = 063D427020F40EF8004C8DB3 /* AboutViewController.swift */; };
		0653D4BF20EEC48C00F1FEEA /* FavoriteTableViewCell.swift in Sources */ = {isa = PBXBuildFile; fileRef = 0653D4BE20EEC48C00F1FEEA /* FavoriteTableViewCell.swift */; };
		0653D4C120EECFD900F1FEEA /* FavoriteTableViewController.swift in Sources */ = {isa = PBXBuildFile; fileRef = 0653D4C020EECFD900F1FEEA /* FavoriteTableViewController.swift */; };
		068C138C20F3D66B0067EA53 /* About.storyboard in Resources */ = {isa = PBXBuildFile; fileRef = 068C138B20F3D66B0067EA53 /* About.storyboard */; };
		068C138E20F3DD1E0067EA53 /* RestaurantController.swift in Sources */ = {isa = PBXBuildFile; fileRef = 068C138D20F3DD1E0067EA53 /* RestaurantController.swift */; };
		068C139020F3DD7E0067EA53 /* Restaurant.swift in Sources */ = {isa = PBXBuildFile; fileRef = 068C138F20F3DD7E0067EA53 /* Restaurant.swift */; };
		06A6DE4720F83B76009E960C /* CustomCalloutView.xib in Resources */ = {isa = PBXBuildFile; fileRef = 06A6DE4620F83B76009E960C /* CustomCalloutView.xib */; };
		06A6DE4D20F84294009E960C /* AnnotationView.swift in Sources */ = {isa = PBXBuildFile; fileRef = 06A6DE4C20F84294009E960C /* AnnotationView.swift */; };
		06A6DE4F20F924C6009E960C /* CustomCalloutView.swift in Sources */ = {isa = PBXBuildFile; fileRef = 06A6DE4E20F924C6009E960C /* CustomCalloutView.swift */; };
		06D9B04820F68DDA002E9FDE /* CustomAnnotation.swift in Sources */ = {isa = PBXBuildFile; fileRef = 06D9B04720F68DDA002E9FDE /* CustomAnnotation.swift */; };
		06ECAE5720EAD5B00019227C /* HomeViewController.swift in Sources */ = {isa = PBXBuildFile; fileRef = 06ECAE5520EAD5B00019227C /* HomeViewController.swift */; };
		06ECAE5A20EAD5C20019227C /* LaunchScreen.storyboard in Resources */ = {isa = PBXBuildFile; fileRef = 06ECAE5920EAD5C20019227C /* LaunchScreen.storyboard */; };
		06ECAE5E20EAD5D30019227C /* Favorite.storyboard in Resources */ = {isa = PBXBuildFile; fileRef = 06ECAE5B20EAD5D30019227C /* Favorite.storyboard */; };
		06ECAE5F20EAD5D30019227C /* Tab.storyboard in Resources */ = {isa = PBXBuildFile; fileRef = 06ECAE5C20EAD5D30019227C /* Tab.storyboard */; };
		06ECAE6020EAD5D30019227C /* Home.storyboard in Resources */ = {isa = PBXBuildFile; fileRef = 06ECAE5D20EAD5D30019227C /* Home.storyboard */; };
		4282D6B320EACF180045D223 /* SearchPageViewController.swift in Sources */ = {isa = PBXBuildFile; fileRef = 4282D6B220EACF180045D223 /* SearchPageViewController.swift */; };
		4282D6B520EAD0040045D223 /* AboutProfileViewController.swift in Sources */ = {isa = PBXBuildFile; fileRef = 4282D6B420EAD0040045D223 /* AboutProfileViewController.swift */; };
		4282D6BA20EAD0170045D223 /* ReviewsTableViewController.swift in Sources */ = {isa = PBXBuildFile; fileRef = 4282D6B820EAD0170045D223 /* ReviewsTableViewController.swift */; };
		4282D6BB20EAD0170045D223 /* HealthRatingTableViewController.swift in Sources */ = {isa = PBXBuildFile; fileRef = 4282D6B920EAD0170045D223 /* HealthRatingTableViewController.swift */; };
		428865C020F3D0B50095A837 /* Slide.swift in Sources */ = {isa = PBXBuildFile; fileRef = 428865BF20F3D0B50095A837 /* Slide.swift */; };
		428865C220F3D0CA0095A837 /* Slide.xib in Resources */ = {isa = PBXBuildFile; fileRef = 428865C120F3D0CA0095A837 /* Slide.xib */; };
		428865C420F3D3B80095A837 /* RestaurantProfileViewController.swift in Sources */ = {isa = PBXBuildFile; fileRef = 428865C320F3D3B80095A837 /* RestaurantProfileViewController.swift */; };
		428865C620F3D3DC0095A837 /* RestaurantProfile.storyboard in Resources */ = {isa = PBXBuildFile; fileRef = 428865C520F3D3DC0095A837 /* RestaurantProfile.storyboard */; };
		428AD12C20F67BEB00A3FDFA /* HealthRatingDetailTableViewController.swift in Sources */ = {isa = PBXBuildFile; fileRef = 428AD12B20F67BEB00A3FDFA /* HealthRatingDetailTableViewController.swift */; };
		42999C3920F416F000E721B6 /* HealthRatingTableViewCell.swift in Sources */ = {isa = PBXBuildFile; fileRef = 42999C3820F416F000E721B6 /* HealthRatingTableViewCell.swift */; };
		42999C3B20F4176000E721B6 /* ReviewsTableViewCell.swift in Sources */ = {isa = PBXBuildFile; fileRef = 42999C3A20F4176000E721B6 /* ReviewsTableViewCell.swift */; };
		D009691420EAA138005CAE1A /* Foundation.framework in Frameworks */ = {isa = PBXBuildFile; fileRef = D009691320EAA138005CAE1A /* Foundation.framework */; };
		D01F559620F4FA4900E38C9B /* RestaurantReview.swift in Sources */ = {isa = PBXBuildFile; fileRef = D01F559520F4FA4900E38C9B /* RestaurantReview.swift */; };
		D01F559820F5025300E38C9B /* RestaurantReviewController.swift in Sources */ = {isa = PBXBuildFile; fileRef = D01F559720F5025300E38C9B /* RestaurantReviewController.swift */; };
		D04B826920E70AAD00788469 /* SearchPage.storyboard in Resources */ = {isa = PBXBuildFile; fileRef = D04B826820E70AAD00788469 /* SearchPage.storyboard */; };
		D04BD43720F3CAA400B7BF6C /* RestaurantInfoController.swift in Sources */ = {isa = PBXBuildFile; fileRef = D04BD43620F3CAA400B7BF6C /* RestaurantInfoController.swift */; };
		D06FE44820F3B58A0071EDA6 /* RestaurantInfo.swift in Sources */ = {isa = PBXBuildFile; fileRef = D06FE44720F3B58A0071EDA6 /* RestaurantInfo.swift */; };
		D0895E0920E1A71C00EB1307 /* AppDelegate.swift in Sources */ = {isa = PBXBuildFile; fileRef = D0895E0820E1A71C00EB1307 /* AppDelegate.swift */; };
		D0895E1020E1A71C00EB1307 /* Assets.xcassets in Resources */ = {isa = PBXBuildFile; fileRef = D0895E0F20E1A71C00EB1307 /* Assets.xcassets */; };
		D08AFBCD20EAF65000305116 /* UIViewExtension.swift in Sources */ = {isa = PBXBuildFile; fileRef = D08AFBCC20EAF65000305116 /* UIViewExtension.swift */; };
		D0B9C48E20EBD55400AA8017 /* RestaurantDetail.swift in Sources */ = {isa = PBXBuildFile; fileRef = D0B9C48D20EBD55400AA8017 /* RestaurantDetail.swift */; };
		D0B9C49020EBE72700AA8017 /* RestaurantDetailTableViewController.swift in Sources */ = {isa = PBXBuildFile; fileRef = D0B9C48F20EBE72700AA8017 /* RestaurantDetailTableViewController.swift */; };
		D0B9C49220EBEF6C00AA8017 /* RestaurantDetailController.swift in Sources */ = {isa = PBXBuildFile; fileRef = D0B9C49120EBEF6C00AA8017 /* RestaurantDetailController.swift */; };
		D0C8454020E5D0E000475EE7 /* RestaurantTableViewCell.swift in Sources */ = {isa = PBXBuildFile; fileRef = D0C8453F20E5D0E000475EE7 /* RestaurantTableViewCell.swift */; };
		EC92B2602D54F835DF819B3A /* Pods_CleanEats.framework in Frameworks */ = {isa = PBXBuildFile; fileRef = 738A848A2AE8D3D5CDC702D8 /* Pods_CleanEats.framework */; };
/* End PBXBuildFile section */

/* Begin PBXContainerItemProxy section */
		D0895E1A20E1A71D00EB1307 /* PBXContainerItemProxy */ = {
			isa = PBXContainerItemProxy;
			containerPortal = D0895DFD20E1A71C00EB1307 /* Project object */;
			proxyType = 1;
			remoteGlobalIDString = D0895E0420E1A71C00EB1307;
			remoteInfo = CleanEats;
		};
		D0895E2520E1A71D00EB1307 /* PBXContainerItemProxy */ = {
			isa = PBXContainerItemProxy;
			containerPortal = D0895DFD20E1A71C00EB1307 /* Project object */;
			proxyType = 1;
			remoteGlobalIDString = D0895E0420E1A71C00EB1307;
			remoteInfo = CleanEats;
		};
/* End PBXContainerItemProxy section */

/* Begin PBXFileReference section */
		063D427020F40EF8004C8DB3 /* AboutViewController.swift */ = {isa = PBXFileReference; lastKnownFileType = sourcecode.swift; path = AboutViewController.swift; sourceTree = "<group>"; };
		0653D4BE20EEC48C00F1FEEA /* FavoriteTableViewCell.swift */ = {isa = PBXFileReference; lastKnownFileType = sourcecode.swift; path = FavoriteTableViewCell.swift; sourceTree = "<group>"; };
		0653D4C020EECFD900F1FEEA /* FavoriteTableViewController.swift */ = {isa = PBXFileReference; lastKnownFileType = sourcecode.swift; path = FavoriteTableViewController.swift; sourceTree = "<group>"; };
		068C138B20F3D66B0067EA53 /* About.storyboard */ = {isa = PBXFileReference; lastKnownFileType = file.storyboard; path = About.storyboard; sourceTree = "<group>"; };
		068C138D20F3DD1E0067EA53 /* RestaurantController.swift */ = {isa = PBXFileReference; lastKnownFileType = sourcecode.swift; path = RestaurantController.swift; sourceTree = "<group>"; };
		068C138F20F3DD7E0067EA53 /* Restaurant.swift */ = {isa = PBXFileReference; lastKnownFileType = sourcecode.swift; path = Restaurant.swift; sourceTree = "<group>"; };
		06A6DE4620F83B76009E960C /* CustomCalloutView.xib */ = {isa = PBXFileReference; lastKnownFileType = file.xib; path = CustomCalloutView.xib; sourceTree = "<group>"; };
		06A6DE4C20F84294009E960C /* AnnotationView.swift */ = {isa = PBXFileReference; lastKnownFileType = sourcecode.swift; path = AnnotationView.swift; sourceTree = "<group>"; };
		06A6DE4E20F924C6009E960C /* CustomCalloutView.swift */ = {isa = PBXFileReference; fileEncoding = 4; lastKnownFileType = sourcecode.swift; path = CustomCalloutView.swift; sourceTree = "<group>"; };
		06D9B04720F68DDA002E9FDE /* CustomAnnotation.swift */ = {isa = PBXFileReference; lastKnownFileType = sourcecode.swift; name = CustomAnnotation.swift; path = CleanEats/Model/CustomAnnotation.swift; sourceTree = SOURCE_ROOT; };
		06ECAE5520EAD5B00019227C /* HomeViewController.swift */ = {isa = PBXFileReference; fileEncoding = 4; lastKnownFileType = sourcecode.swift; path = HomeViewController.swift; sourceTree = "<group>"; };
		06ECAE5920EAD5C20019227C /* LaunchScreen.storyboard */ = {isa = PBXFileReference; fileEncoding = 4; lastKnownFileType = file.storyboard; path = LaunchScreen.storyboard; sourceTree = "<group>"; };
		06ECAE5B20EAD5D30019227C /* Favorite.storyboard */ = {isa = PBXFileReference; fileEncoding = 4; lastKnownFileType = file.storyboard; path = Favorite.storyboard; sourceTree = "<group>"; };
		06ECAE5C20EAD5D30019227C /* Tab.storyboard */ = {isa = PBXFileReference; fileEncoding = 4; lastKnownFileType = file.storyboard; path = Tab.storyboard; sourceTree = "<group>"; };
		06ECAE5D20EAD5D30019227C /* Home.storyboard */ = {isa = PBXFileReference; fileEncoding = 4; lastKnownFileType = file.storyboard; path = Home.storyboard; sourceTree = "<group>"; };
		0796E381700C85E5CD9E3CE7 /* Pods-CleanEats.debug.xcconfig */ = {isa = PBXFileReference; includeInIndex = 1; lastKnownFileType = text.xcconfig; name = "Pods-CleanEats.debug.xcconfig"; path = "Pods/Target Support Files/Pods-CleanEats/Pods-CleanEats.debug.xcconfig"; sourceTree = "<group>"; };
		4206797720F6D9E10013166C /* JSONHealthCode.swift */ = {isa = PBXFileReference; lastKnownFileType = sourcecode.swift; path = JSONHealthCode.swift; sourceTree = "<group>"; };
		4282D6B220EACF180045D223 /* SearchPageViewController.swift */ = {isa = PBXFileReference; lastKnownFileType = sourcecode.swift; path = SearchPageViewController.swift; sourceTree = "<group>"; };
		4282D6B420EAD0040045D223 /* AboutProfileViewController.swift */ = {isa = PBXFileReference; fileEncoding = 4; lastKnownFileType = sourcecode.swift; path = AboutProfileViewController.swift; sourceTree = "<group>"; };
		4282D6B820EAD0170045D223 /* ReviewsTableViewController.swift */ = {isa = PBXFileReference; fileEncoding = 4; lastKnownFileType = sourcecode.swift; path = ReviewsTableViewController.swift; sourceTree = "<group>"; };
		4282D6B920EAD0170045D223 /* HealthRatingTableViewController.swift */ = {isa = PBXFileReference; fileEncoding = 4; lastKnownFileType = sourcecode.swift; path = HealthRatingTableViewController.swift; sourceTree = "<group>"; };
		428865BF20F3D0B50095A837 /* Slide.swift */ = {isa = PBXFileReference; fileEncoding = 4; lastKnownFileType = sourcecode.swift; path = Slide.swift; sourceTree = "<group>"; };
		428865C120F3D0CA0095A837 /* Slide.xib */ = {isa = PBXFileReference; fileEncoding = 4; lastKnownFileType = file.xib; path = Slide.xib; sourceTree = "<group>"; };
		428865C320F3D3B80095A837 /* RestaurantProfileViewController.swift */ = {isa = PBXFileReference; fileEncoding = 4; lastKnownFileType = sourcecode.swift; path = RestaurantProfileViewController.swift; sourceTree = "<group>"; };
		428865C520F3D3DC0095A837 /* RestaurantProfile.storyboard */ = {isa = PBXFileReference; fileEncoding = 4; lastKnownFileType = file.storyboard; path = RestaurantProfile.storyboard; sourceTree = "<group>"; };
		428AD12B20F67BEB00A3FDFA /* HealthRatingDetailTableViewController.swift */ = {isa = PBXFileReference; lastKnownFileType = sourcecode.swift; path = HealthRatingDetailTableViewController.swift; sourceTree = "<group>"; };
		42999C3820F416F000E721B6 /* HealthRatingTableViewCell.swift */ = {isa = PBXFileReference; lastKnownFileType = sourcecode.swift; name = HealthRatingTableViewCell.swift; path = CleanEats/Views/HealthRatingTableViewCell.swift; sourceTree = SOURCE_ROOT; };
		42999C3A20F4176000E721B6 /* ReviewsTableViewCell.swift */ = {isa = PBXFileReference; lastKnownFileType = sourcecode.swift; path = ReviewsTableViewCell.swift; sourceTree = "<group>"; };
		738A848A2AE8D3D5CDC702D8 /* Pods_CleanEats.framework */ = {isa = PBXFileReference; explicitFileType = wrapper.framework; includeInIndex = 0; path = Pods_CleanEats.framework; sourceTree = BUILT_PRODUCTS_DIR; };
		D009691320EAA138005CAE1A /* Foundation.framework */ = {isa = PBXFileReference; lastKnownFileType = wrapper.framework; name = Foundation.framework; path = System/Library/Frameworks/Foundation.framework; sourceTree = SDKROOT; };
		D01F559520F4FA4900E38C9B /* RestaurantReview.swift */ = {isa = PBXFileReference; lastKnownFileType = sourcecode.swift; path = RestaurantReview.swift; sourceTree = "<group>"; };
		D01F559720F5025300E38C9B /* RestaurantReviewController.swift */ = {isa = PBXFileReference; lastKnownFileType = sourcecode.swift; path = RestaurantReviewController.swift; sourceTree = "<group>"; };
		D04B826820E70AAD00788469 /* SearchPage.storyboard */ = {isa = PBXFileReference; lastKnownFileType = file.storyboard; path = SearchPage.storyboard; sourceTree = "<group>"; };
		D04BD43620F3CAA400B7BF6C /* RestaurantInfoController.swift */ = {isa = PBXFileReference; lastKnownFileType = sourcecode.swift; path = RestaurantInfoController.swift; sourceTree = "<group>"; };
		D06FE44720F3B58A0071EDA6 /* RestaurantInfo.swift */ = {isa = PBXFileReference; lastKnownFileType = sourcecode.swift; path = RestaurantInfo.swift; sourceTree = "<group>"; };
		D0895E0520E1A71C00EB1307 /* CleanEats.app */ = {isa = PBXFileReference; explicitFileType = wrapper.application; includeInIndex = 0; path = CleanEats.app; sourceTree = BUILT_PRODUCTS_DIR; };
		D0895E0820E1A71C00EB1307 /* AppDelegate.swift */ = {isa = PBXFileReference; lastKnownFileType = sourcecode.swift; path = AppDelegate.swift; sourceTree = "<group>"; };
		D0895E0F20E1A71C00EB1307 /* Assets.xcassets */ = {isa = PBXFileReference; lastKnownFileType = folder.assetcatalog; path = Assets.xcassets; sourceTree = "<group>"; };
		D0895E1420E1A71C00EB1307 /* Info.plist */ = {isa = PBXFileReference; lastKnownFileType = text.plist.xml; path = Info.plist; sourceTree = "<group>"; };
		D0895E1920E1A71D00EB1307 /* CleanEatsTests.xctest */ = {isa = PBXFileReference; explicitFileType = wrapper.cfbundle; includeInIndex = 0; path = CleanEatsTests.xctest; sourceTree = BUILT_PRODUCTS_DIR; };
		D0895E2420E1A71D00EB1307 /* CleanEatsUITests.xctest */ = {isa = PBXFileReference; explicitFileType = wrapper.cfbundle; includeInIndex = 0; path = CleanEatsUITests.xctest; sourceTree = BUILT_PRODUCTS_DIR; };
		D08AFBCC20EAF65000305116 /* UIViewExtension.swift */ = {isa = PBXFileReference; lastKnownFileType = sourcecode.swift; path = UIViewExtension.swift; sourceTree = "<group>"; };
		D0B9C48D20EBD55400AA8017 /* RestaurantDetail.swift */ = {isa = PBXFileReference; lastKnownFileType = sourcecode.swift; path = RestaurantDetail.swift; sourceTree = "<group>"; };
		D0B9C48F20EBE72700AA8017 /* RestaurantDetailTableViewController.swift */ = {isa = PBXFileReference; lastKnownFileType = sourcecode.swift; path = RestaurantDetailTableViewController.swift; sourceTree = "<group>"; };
		D0B9C49120EBEF6C00AA8017 /* RestaurantDetailController.swift */ = {isa = PBXFileReference; lastKnownFileType = sourcecode.swift; path = RestaurantDetailController.swift; sourceTree = "<group>"; };
		D0C8453F20E5D0E000475EE7 /* RestaurantTableViewCell.swift */ = {isa = PBXFileReference; lastKnownFileType = sourcecode.swift; path = RestaurantTableViewCell.swift; sourceTree = "<group>"; };
		E34C74F3CF981332592E38F7 /* Pods-CleanEats.release.xcconfig */ = {isa = PBXFileReference; includeInIndex = 1; lastKnownFileType = text.xcconfig; name = "Pods-CleanEats.release.xcconfig"; path = "Pods/Target Support Files/Pods-CleanEats/Pods-CleanEats.release.xcconfig"; sourceTree = "<group>"; };
/* End PBXFileReference section */

/* Begin PBXFrameworksBuildPhase section */
		D0895E0220E1A71C00EB1307 /* Frameworks */ = {
			isa = PBXFrameworksBuildPhase;
			buildActionMask = 2147483647;
			files = (
				D009691420EAA138005CAE1A /* Foundation.framework in Frameworks */,
				EC92B2602D54F835DF819B3A /* Pods_CleanEats.framework in Frameworks */,
			);
			runOnlyForDeploymentPostprocessing = 0;
		};
		D0895E1620E1A71D00EB1307 /* Frameworks */ = {
			isa = PBXFrameworksBuildPhase;
			buildActionMask = 2147483647;
			files = (
			);
			runOnlyForDeploymentPostprocessing = 0;
		};
		D0895E2120E1A71D00EB1307 /* Frameworks */ = {
			isa = PBXFrameworksBuildPhase;
			buildActionMask = 2147483647;
			files = (
			);
			runOnlyForDeploymentPostprocessing = 0;
		};
/* End PBXFrameworksBuildPhase section */

/* Begin PBXGroup section */
		06A6DE4520F831EF009E960C /* Recovered References */ = {
			isa = PBXGroup;
			children = (
				4206797720F6D9E10013166C /* JSONHealthCode.swift */,
			);
			name = "Recovered References";
			sourceTree = "<group>";
		};
		081E394468838F826BDD4481 /* Pods */ = {
			isa = PBXGroup;
			children = (
				0796E381700C85E5CD9E3CE7 /* Pods-CleanEats.debug.xcconfig */,
				E34C74F3CF981332592E38F7 /* Pods-CleanEats.release.xcconfig */,
			);
			name = Pods;
			sourceTree = "<group>";
		};
		4282D6B120EACDA70045D223 /* Resources */ = {
			isa = PBXGroup;
			children = (
				D0895E1420E1A71C00EB1307 /* Info.plist */,
				D0895E0820E1A71C00EB1307 /* AppDelegate.swift */,
				D0895E0F20E1A71C00EB1307 /* Assets.xcassets */,
			);
			name = Resources;
			sourceTree = "<group>";
		};
		71B01CFE1680DA06900CF4AF /* Frameworks */ = {
			isa = PBXGroup;
			children = (
				D009691320EAA138005CAE1A /* Foundation.framework */,
				738A848A2AE8D3D5CDC702D8 /* Pods_CleanEats.framework */,
			);
			name = Frameworks;
			sourceTree = "<group>";
		};
		D0018EE620E54FD700A040CE /* Views */ = {
			isa = PBXGroup;
			children = (
				42999C3820F416F000E721B6 /* HealthRatingTableViewCell.swift */,
				06A6DE4C20F84294009E960C /* AnnotationView.swift */,
				D0C8453F20E5D0E000475EE7 /* RestaurantTableViewCell.swift */,
				D08AFBCC20EAF65000305116 /* UIViewExtension.swift */,
				06A6DE4E20F924C6009E960C /* CustomCalloutView.swift */,
				0653D4BE20EEC48C00F1FEEA /* FavoriteTableViewCell.swift */,
				42999C3A20F4176000E721B6 /* ReviewsTableViewCell.swift */,
			);
			path = Views;
			sourceTree = "<group>";
		};
		D0018EE720E54FE600A040CE /* View Controller */ = {
			isa = PBXGroup;
			children = (
				428865C320F3D3B80095A837 /* RestaurantProfileViewController.swift */,
				4282D6B920EAD0170045D223 /* HealthRatingTableViewController.swift */,
				4282D6B820EAD0170045D223 /* ReviewsTableViewController.swift */,
				4282D6B420EAD0040045D223 /* AboutProfileViewController.swift */,
				4282D6B220EACF180045D223 /* SearchPageViewController.swift */,
				0653D4C020EECFD900F1FEEA /* FavoriteTableViewController.swift */,
				06ECAE5520EAD5B00019227C /* HomeViewController.swift */,
				D0B9C48F20EBE72700AA8017 /* RestaurantDetailTableViewController.swift */,
				428865BF20F3D0B50095A837 /* Slide.swift */,
				063D427020F40EF8004C8DB3 /* AboutViewController.swift */,
				428AD12B20F67BEB00A3FDFA /* HealthRatingDetailTableViewController.swift */,
			);
			path = "View Controller";
			sourceTree = "<group>";
		};
		D0018EE820E54FF000A040CE /* Model Controller */ = {
			isa = PBXGroup;
			children = (
				D0B9C49120EBEF6C00AA8017 /* RestaurantDetailController.swift */,
				068C138D20F3DD1E0067EA53 /* RestaurantController.swift */,
				D04BD43620F3CAA400B7BF6C /* RestaurantInfoController.swift */,
				D01F559720F5025300E38C9B /* RestaurantReviewController.swift */,
			);
			path = "Model Controller";
			sourceTree = "<group>";
		};
		D0018EE920E54FF800A040CE /* Model */ = {
			isa = PBXGroup;
			children = (
				D0B9C48D20EBD55400AA8017 /* RestaurantDetail.swift */,
				068C138F20F3DD7E0067EA53 /* Restaurant.swift */,
				D06FE44720F3B58A0071EDA6 /* RestaurantInfo.swift */,
				D01F559520F4FA4900E38C9B /* RestaurantReview.swift */,
				06D9B04720F68DDA002E9FDE /* CustomAnnotation.swift */,
			);
			path = Model;
			sourceTree = "<group>";
		};
		D0895DFC20E1A71C00EB1307 = {
			isa = PBXGroup;
			children = (
				D0895E0720E1A71C00EB1307 /* CleanEats */,
				D0895E0620E1A71C00EB1307 /* Products */,
				081E394468838F826BDD4481 /* Pods */,
				71B01CFE1680DA06900CF4AF /* Frameworks */,
				06A6DE4520F831EF009E960C /* Recovered References */,
			);
			sourceTree = "<group>";
		};
		D0895E0620E1A71C00EB1307 /* Products */ = {
			isa = PBXGroup;
			children = (
				D0895E0520E1A71C00EB1307 /* CleanEats.app */,
				D0895E1920E1A71D00EB1307 /* CleanEatsTests.xctest */,
				D0895E2420E1A71D00EB1307 /* CleanEatsUITests.xctest */,
			);
			name = Products;
			sourceTree = "<group>";
		};
		D0895E0720E1A71C00EB1307 /* CleanEats */ = {
			isa = PBXGroup;
			children = (
				4282D6B120EACDA70045D223 /* Resources */,
				D0018EE920E54FF800A040CE /* Model */,
				D0018EE820E54FF000A040CE /* Model Controller */,
				D0018EE720E54FE600A040CE /* View Controller */,
				D0018EE620E54FD700A040CE /* Views */,
				D0895E3A20E1A73700EB1307 /* Storyboards */,
			);
			path = CleanEats;
			sourceTree = "<group>";
		};
		D0895E3A20E1A73700EB1307 /* Storyboards */ = {
			isa = PBXGroup;
			children = (
				06ECAE5B20EAD5D30019227C /* Favorite.storyboard */,
				068C138B20F3D66B0067EA53 /* About.storyboard */,
				06ECAE5D20EAD5D30019227C /* Home.storyboard */,
				06ECAE5C20EAD5D30019227C /* Tab.storyboard */,
				428865C520F3D3DC0095A837 /* RestaurantProfile.storyboard */,
				D04B826820E70AAD00788469 /* SearchPage.storyboard */,
				06ECAE5920EAD5C20019227C /* LaunchScreen.storyboard */,
				428865C120F3D0CA0095A837 /* Slide.xib */,
				06A6DE4620F83B76009E960C /* CustomCalloutView.xib */,
			);
			path = Storyboards;
			sourceTree = "<group>";
		};
/* End PBXGroup section */

/* Begin PBXNativeTarget section */
		D0895E0420E1A71C00EB1307 /* CleanEats */ = {
			isa = PBXNativeTarget;
			buildConfigurationList = D0895E2D20E1A71D00EB1307 /* Build configuration list for PBXNativeTarget "CleanEats" */;
			buildPhases = (
				DD5C83EE5C575A807CED1A2E /* [CP] Check Pods Manifest.lock */,
				D0895E0120E1A71C00EB1307 /* Sources */,
				D0895E0220E1A71C00EB1307 /* Frameworks */,
				D0895E0320E1A71C00EB1307 /* Resources */,
				478789B06AFB9BD63060091F /* [CP] Embed Pods Frameworks */,
			);
			buildRules = (
			);
			dependencies = (
			);
			name = CleanEats;
			productName = CleanEats;
			productReference = D0895E0520E1A71C00EB1307 /* CleanEats.app */;
			productType = "com.apple.product-type.application";
		};
		D0895E1820E1A71D00EB1307 /* CleanEatsTests */ = {
			isa = PBXNativeTarget;
			buildConfigurationList = D0895E3020E1A71D00EB1307 /* Build configuration list for PBXNativeTarget "CleanEatsTests" */;
			buildPhases = (
				D0895E1520E1A71D00EB1307 /* Sources */,
				D0895E1620E1A71D00EB1307 /* Frameworks */,
				D0895E1720E1A71D00EB1307 /* Resources */,
			);
			buildRules = (
			);
			dependencies = (
				D0895E1B20E1A71D00EB1307 /* PBXTargetDependency */,
			);
			name = CleanEatsTests;
			productName = CleanEatsTests;
			productReference = D0895E1920E1A71D00EB1307 /* CleanEatsTests.xctest */;
			productType = "com.apple.product-type.bundle.unit-test";
		};
		D0895E2320E1A71D00EB1307 /* CleanEatsUITests */ = {
			isa = PBXNativeTarget;
			buildConfigurationList = D0895E3320E1A71D00EB1307 /* Build configuration list for PBXNativeTarget "CleanEatsUITests" */;
			buildPhases = (
				D0895E2020E1A71D00EB1307 /* Sources */,
				D0895E2120E1A71D00EB1307 /* Frameworks */,
				D0895E2220E1A71D00EB1307 /* Resources */,
			);
			buildRules = (
			);
			dependencies = (
				D0895E2620E1A71D00EB1307 /* PBXTargetDependency */,
			);
			name = CleanEatsUITests;
			productName = CleanEatsUITests;
			productReference = D0895E2420E1A71D00EB1307 /* CleanEatsUITests.xctest */;
			productType = "com.apple.product-type.bundle.ui-testing";
		};
/* End PBXNativeTarget section */

/* Begin PBXProject section */
		D0895DFD20E1A71C00EB1307 /* Project object */ = {
			isa = PBXProject;
			attributes = {
				LastSwiftUpdateCheck = 0940;
				LastUpgradeCheck = 0940;
				ORGANIZATIONNAME = "Justin Trautman";
				TargetAttributes = {
					D0895E0420E1A71C00EB1307 = {
						CreatedOnToolsVersion = 9.4.1;
					};
					D0895E1820E1A71D00EB1307 = {
						CreatedOnToolsVersion = 9.4.1;
						TestTargetID = D0895E0420E1A71C00EB1307;
					};
					D0895E2320E1A71D00EB1307 = {
						CreatedOnToolsVersion = 9.4.1;
						TestTargetID = D0895E0420E1A71C00EB1307;
					};
				};
			};
			buildConfigurationList = D0895E0020E1A71C00EB1307 /* Build configuration list for PBXProject "CleanEats" */;
			compatibilityVersion = "Xcode 9.3";
			developmentRegion = en;
			hasScannedForEncodings = 0;
			knownRegions = (
				en,
				Base,
			);
			mainGroup = D0895DFC20E1A71C00EB1307;
			productRefGroup = D0895E0620E1A71C00EB1307 /* Products */;
			projectDirPath = "";
			projectRoot = "";
			targets = (
				D0895E0420E1A71C00EB1307 /* CleanEats */,
				D0895E1820E1A71D00EB1307 /* CleanEatsTests */,
				D0895E2320E1A71D00EB1307 /* CleanEatsUITests */,
			);
		};
/* End PBXProject section */

/* Begin PBXResourcesBuildPhase section */
		D0895E0320E1A71C00EB1307 /* Resources */ = {
			isa = PBXResourcesBuildPhase;
			buildActionMask = 2147483647;
			files = (
				06ECAE6020EAD5D30019227C /* Home.storyboard in Resources */,
				068C138C20F3D66B0067EA53 /* About.storyboard in Resources */,
				06ECAE5A20EAD5C20019227C /* LaunchScreen.storyboard in Resources */,
				428865C220F3D0CA0095A837 /* Slide.xib in Resources */,
				D0895E1020E1A71C00EB1307 /* Assets.xcassets in Resources */,
				06ECAE5E20EAD5D30019227C /* Favorite.storyboard in Resources */,
				428865C620F3D3DC0095A837 /* RestaurantProfile.storyboard in Resources */,
				06A6DE4720F83B76009E960C /* CustomCalloutView.xib in Resources */,
				06ECAE5F20EAD5D30019227C /* Tab.storyboard in Resources */,
				D04B826920E70AAD00788469 /* SearchPage.storyboard in Resources */,
			);
			runOnlyForDeploymentPostprocessing = 0;
		};
		D0895E1720E1A71D00EB1307 /* Resources */ = {
			isa = PBXResourcesBuildPhase;
			buildActionMask = 2147483647;
			files = (
			);
			runOnlyForDeploymentPostprocessing = 0;
		};
		D0895E2220E1A71D00EB1307 /* Resources */ = {
			isa = PBXResourcesBuildPhase;
			buildActionMask = 2147483647;
			files = (
			);
			runOnlyForDeploymentPostprocessing = 0;
		};
/* End PBXResourcesBuildPhase section */

/* Begin PBXShellScriptBuildPhase section */
		478789B06AFB9BD63060091F /* [CP] Embed Pods Frameworks */ = {
			isa = PBXShellScriptBuildPhase;
			buildActionMask = 2147483647;
			files = (
			);
			inputPaths = (
				"${SRCROOT}/Pods/Target Support Files/Pods-CleanEats/Pods-CleanEats-frameworks.sh",
				"${BUILT_PRODUCTS_DIR}/SwiftyJSON/SwiftyJSON.framework",
			);
			name = "[CP] Embed Pods Frameworks";
			outputPaths = (
				"${TARGET_BUILD_DIR}/${FRAMEWORKS_FOLDER_PATH}/SwiftyJSON.framework",
			);
			runOnlyForDeploymentPostprocessing = 0;
			shellPath = /bin/sh;
			shellScript = "\"${SRCROOT}/Pods/Target Support Files/Pods-CleanEats/Pods-CleanEats-frameworks.sh\"\n";
			showEnvVarsInLog = 0;
		};
		DD5C83EE5C575A807CED1A2E /* [CP] Check Pods Manifest.lock */ = {
			isa = PBXShellScriptBuildPhase;
			buildActionMask = 2147483647;
			files = (
			);
			inputPaths = (
				"${PODS_PODFILE_DIR_PATH}/Podfile.lock",
				"${PODS_ROOT}/Manifest.lock",
			);
			name = "[CP] Check Pods Manifest.lock";
			outputPaths = (
				"$(DERIVED_FILE_DIR)/Pods-CleanEats-checkManifestLockResult.txt",
			);
			runOnlyForDeploymentPostprocessing = 0;
			shellPath = /bin/sh;
			shellScript = "diff \"${PODS_PODFILE_DIR_PATH}/Podfile.lock\" \"${PODS_ROOT}/Manifest.lock\" > /dev/null\nif [ $? != 0 ] ; then\n    # print error to STDERR\n    echo \"error: The sandbox is not in sync with the Podfile.lock. Run 'pod install' or update your CocoaPods installation.\" >&2\n    exit 1\nfi\n# This output is used by Xcode 'outputs' to avoid re-running this script phase.\necho \"SUCCESS\" > \"${SCRIPT_OUTPUT_FILE_0}\"\n";
			showEnvVarsInLog = 0;
		};
/* End PBXShellScriptBuildPhase section */

/* Begin PBXSourcesBuildPhase section */
		D0895E0120E1A71C00EB1307 /* Sources */ = {
			isa = PBXSourcesBuildPhase;
			buildActionMask = 2147483647;
			files = (
				42999C3920F416F000E721B6 /* HealthRatingTableViewCell.swift in Sources */,
				42999C3B20F4176000E721B6 /* ReviewsTableViewCell.swift in Sources */,
				D0C8454020E5D0E000475EE7 /* RestaurantTableViewCell.swift in Sources */,
				06D9B04820F68DDA002E9FDE /* CustomAnnotation.swift in Sources */,
				06A6DE4F20F924C6009E960C /* CustomCalloutView.swift in Sources */,
				4282D6BB20EAD0170045D223 /* HealthRatingTableViewController.swift in Sources */,
				D04BD43720F3CAA400B7BF6C /* RestaurantInfoController.swift in Sources */,
				428AD12C20F67BEB00A3FDFA /* HealthRatingDetailTableViewController.swift in Sources */,
				063D427120F40EF8004C8DB3 /* AboutViewController.swift in Sources */,
				D0895E0920E1A71C00EB1307 /* AppDelegate.swift in Sources */,
				D01F559620F4FA4900E38C9B /* RestaurantReview.swift in Sources */,
				D0B9C49220EBEF6C00AA8017 /* RestaurantDetailController.swift in Sources */,
				068C139020F3DD7E0067EA53 /* Restaurant.swift in Sources */,
				0653D4BF20EEC48C00F1FEEA /* FavoriteTableViewCell.swift in Sources */,
				D08AFBCD20EAF65000305116 /* UIViewExtension.swift in Sources */,
				428865C420F3D3B80095A837 /* RestaurantProfileViewController.swift in Sources */,
				06ECAE5720EAD5B00019227C /* HomeViewController.swift in Sources */,
				06A6DE4D20F84294009E960C /* AnnotationView.swift in Sources */,
				4282D6B520EAD0040045D223 /* AboutProfileViewController.swift in Sources */,
				4282D6BA20EAD0170045D223 /* ReviewsTableViewController.swift in Sources */,
				428865C020F3D0B50095A837 /* Slide.swift in Sources */,
				D06FE44820F3B58A0071EDA6 /* RestaurantInfo.swift in Sources */,
				D0B9C49020EBE72700AA8017 /* RestaurantDetailTableViewController.swift in Sources */,
				4282D6B320EACF180045D223 /* SearchPageViewController.swift in Sources */,
				D01F559820F5025300E38C9B /* RestaurantReviewController.swift in Sources */,
				D0B9C48E20EBD55400AA8017 /* RestaurantDetail.swift in Sources */,
				0653D4C120EECFD900F1FEEA /* FavoriteTableViewController.swift in Sources */,
				068C138E20F3DD1E0067EA53 /* RestaurantController.swift in Sources */,
			);
			runOnlyForDeploymentPostprocessing = 0;
		};
		D0895E1520E1A71D00EB1307 /* Sources */ = {
			isa = PBXSourcesBuildPhase;
			buildActionMask = 2147483647;
			files = (
			);
			runOnlyForDeploymentPostprocessing = 0;
		};
		D0895E2020E1A71D00EB1307 /* Sources */ = {
			isa = PBXSourcesBuildPhase;
			buildActionMask = 2147483647;
			files = (
			);
			runOnlyForDeploymentPostprocessing = 0;
		};
/* End PBXSourcesBuildPhase section */

/* Begin PBXTargetDependency section */
		D0895E1B20E1A71D00EB1307 /* PBXTargetDependency */ = {
			isa = PBXTargetDependency;
			target = D0895E0420E1A71C00EB1307 /* CleanEats */;
			targetProxy = D0895E1A20E1A71D00EB1307 /* PBXContainerItemProxy */;
		};
		D0895E2620E1A71D00EB1307 /* PBXTargetDependency */ = {
			isa = PBXTargetDependency;
			target = D0895E0420E1A71C00EB1307 /* CleanEats */;
			targetProxy = D0895E2520E1A71D00EB1307 /* PBXContainerItemProxy */;
		};
/* End PBXTargetDependency section */

/* Begin XCBuildConfiguration section */
		D0895E2B20E1A71D00EB1307 /* Debug */ = {
			isa = XCBuildConfiguration;
			buildSettings = {
				ALWAYS_SEARCH_USER_PATHS = NO;
				CLANG_ANALYZER_NONNULL = YES;
				CLANG_ANALYZER_NUMBER_OBJECT_CONVERSION = YES_AGGRESSIVE;
				CLANG_CXX_LANGUAGE_STANDARD = "gnu++14";
				CLANG_CXX_LIBRARY = "libc++";
				CLANG_ENABLE_MODULES = YES;
				CLANG_ENABLE_OBJC_ARC = YES;
				CLANG_ENABLE_OBJC_WEAK = YES;
				CLANG_WARN_BLOCK_CAPTURE_AUTORELEASING = YES;
				CLANG_WARN_BOOL_CONVERSION = YES;
				CLANG_WARN_COMMA = YES;
				CLANG_WARN_CONSTANT_CONVERSION = YES;
				CLANG_WARN_DEPRECATED_OBJC_IMPLEMENTATIONS = YES;
				CLANG_WARN_DIRECT_OBJC_ISA_USAGE = YES_ERROR;
				CLANG_WARN_DOCUMENTATION_COMMENTS = YES;
				CLANG_WARN_EMPTY_BODY = YES;
				CLANG_WARN_ENUM_CONVERSION = YES;
				CLANG_WARN_INFINITE_RECURSION = YES;
				CLANG_WARN_INT_CONVERSION = YES;
				CLANG_WARN_NON_LITERAL_NULL_CONVERSION = YES;
				CLANG_WARN_OBJC_IMPLICIT_RETAIN_SELF = YES;
				CLANG_WARN_OBJC_LITERAL_CONVERSION = YES;
				CLANG_WARN_OBJC_ROOT_CLASS = YES_ERROR;
				CLANG_WARN_RANGE_LOOP_ANALYSIS = YES;
				CLANG_WARN_STRICT_PROTOTYPES = YES;
				CLANG_WARN_SUSPICIOUS_MOVE = YES;
				CLANG_WARN_UNGUARDED_AVAILABILITY = YES_AGGRESSIVE;
				CLANG_WARN_UNREACHABLE_CODE = YES;
				CLANG_WARN__DUPLICATE_METHOD_MATCH = YES;
				CODE_SIGN_IDENTITY = "iPhone Developer";
				COPY_PHASE_STRIP = NO;
				DEBUG_INFORMATION_FORMAT = dwarf;
				ENABLE_STRICT_OBJC_MSGSEND = YES;
				ENABLE_TESTABILITY = YES;
				GCC_C_LANGUAGE_STANDARD = gnu11;
				GCC_DYNAMIC_NO_PIC = NO;
				GCC_NO_COMMON_BLOCKS = YES;
				GCC_OPTIMIZATION_LEVEL = 0;
				GCC_PREPROCESSOR_DEFINITIONS = (
					"DEBUG=1",
					"$(inherited)",
				);
				GCC_WARN_64_TO_32_BIT_CONVERSION = YES;
				GCC_WARN_ABOUT_RETURN_TYPE = YES_ERROR;
				GCC_WARN_UNDECLARED_SELECTOR = YES;
				GCC_WARN_UNINITIALIZED_AUTOS = YES_AGGRESSIVE;
				GCC_WARN_UNUSED_FUNCTION = YES;
				GCC_WARN_UNUSED_VARIABLE = YES;
				IPHONEOS_DEPLOYMENT_TARGET = 11.4;
				MTL_ENABLE_DEBUG_INFO = YES;
				ONLY_ACTIVE_ARCH = YES;
				SDKROOT = iphoneos;
				SWIFT_ACTIVE_COMPILATION_CONDITIONS = DEBUG;
				SWIFT_OPTIMIZATION_LEVEL = "-Onone";
			};
			name = Debug;
		};
		D0895E2C20E1A71D00EB1307 /* Release */ = {
			isa = XCBuildConfiguration;
			buildSettings = {
				ALWAYS_SEARCH_USER_PATHS = NO;
				CLANG_ANALYZER_NONNULL = YES;
				CLANG_ANALYZER_NUMBER_OBJECT_CONVERSION = YES_AGGRESSIVE;
				CLANG_CXX_LANGUAGE_STANDARD = "gnu++14";
				CLANG_CXX_LIBRARY = "libc++";
				CLANG_ENABLE_MODULES = YES;
				CLANG_ENABLE_OBJC_ARC = YES;
				CLANG_ENABLE_OBJC_WEAK = YES;
				CLANG_WARN_BLOCK_CAPTURE_AUTORELEASING = YES;
				CLANG_WARN_BOOL_CONVERSION = YES;
				CLANG_WARN_COMMA = YES;
				CLANG_WARN_CONSTANT_CONVERSION = YES;
				CLANG_WARN_DEPRECATED_OBJC_IMPLEMENTATIONS = YES;
				CLANG_WARN_DIRECT_OBJC_ISA_USAGE = YES_ERROR;
				CLANG_WARN_DOCUMENTATION_COMMENTS = YES;
				CLANG_WARN_EMPTY_BODY = YES;
				CLANG_WARN_ENUM_CONVERSION = YES;
				CLANG_WARN_INFINITE_RECURSION = YES;
				CLANG_WARN_INT_CONVERSION = YES;
				CLANG_WARN_NON_LITERAL_NULL_CONVERSION = YES;
				CLANG_WARN_OBJC_IMPLICIT_RETAIN_SELF = YES;
				CLANG_WARN_OBJC_LITERAL_CONVERSION = YES;
				CLANG_WARN_OBJC_ROOT_CLASS = YES_ERROR;
				CLANG_WARN_RANGE_LOOP_ANALYSIS = YES;
				CLANG_WARN_STRICT_PROTOTYPES = YES;
				CLANG_WARN_SUSPICIOUS_MOVE = YES;
				CLANG_WARN_UNGUARDED_AVAILABILITY = YES_AGGRESSIVE;
				CLANG_WARN_UNREACHABLE_CODE = YES;
				CLANG_WARN__DUPLICATE_METHOD_MATCH = YES;
				CODE_SIGN_IDENTITY = "iPhone Developer";
				COPY_PHASE_STRIP = NO;
				DEBUG_INFORMATION_FORMAT = "dwarf-with-dsym";
				ENABLE_NS_ASSERTIONS = NO;
				ENABLE_STRICT_OBJC_MSGSEND = YES;
				GCC_C_LANGUAGE_STANDARD = gnu11;
				GCC_NO_COMMON_BLOCKS = YES;
				GCC_WARN_64_TO_32_BIT_CONVERSION = YES;
				GCC_WARN_ABOUT_RETURN_TYPE = YES_ERROR;
				GCC_WARN_UNDECLARED_SELECTOR = YES;
				GCC_WARN_UNINITIALIZED_AUTOS = YES_AGGRESSIVE;
				GCC_WARN_UNUSED_FUNCTION = YES;
				GCC_WARN_UNUSED_VARIABLE = YES;
				IPHONEOS_DEPLOYMENT_TARGET = 11.4;
				MTL_ENABLE_DEBUG_INFO = NO;
				SDKROOT = iphoneos;
				SWIFT_COMPILATION_MODE = wholemodule;
				SWIFT_OPTIMIZATION_LEVEL = "-O";
				VALIDATE_PRODUCT = YES;
			};
			name = Release;
		};
		D0895E2E20E1A71D00EB1307 /* Debug */ = {
			isa = XCBuildConfiguration;
			baseConfigurationReference = 0796E381700C85E5CD9E3CE7 /* Pods-CleanEats.debug.xcconfig */;
			buildSettings = {
				ASSETCATALOG_COMPILER_APPICON_NAME = AppIcon;
				CODE_SIGN_STYLE = Automatic;
				DEVELOPMENT_TEAM = QE6MX92YZ5;
				INFOPLIST_FILE = "$(SRCROOT)/CleanEats/Info.plist";
				IPHONEOS_DEPLOYMENT_TARGET = 11.3;
				LD_RUNPATH_SEARCH_PATHS = (
					"$(inherited)",
					"@executable_path/Frameworks",
				);
				PRODUCT_BUNDLE_IDENTIFIER = com.justintrautman.CleanEats;
				PRODUCT_NAME = "$(TARGET_NAME)";
				SWIFT_VERSION = 4.0;
				TARGETED_DEVICE_FAMILY = "1,2";
			};
			name = Debug;
		};
		D0895E2F20E1A71D00EB1307 /* Release */ = {
			isa = XCBuildConfiguration;
			baseConfigurationReference = E34C74F3CF981332592E38F7 /* Pods-CleanEats.release.xcconfig */;
			buildSettings = {
				ASSETCATALOG_COMPILER_APPICON_NAME = AppIcon;
				CODE_SIGN_STYLE = Automatic;
				DEVELOPMENT_TEAM = QE6MX92YZ5;
				INFOPLIST_FILE = "$(SRCROOT)/CleanEats/Info.plist";
				IPHONEOS_DEPLOYMENT_TARGET = 11.3;
				LD_RUNPATH_SEARCH_PATHS = (
					"$(inherited)",
					"@executable_path/Frameworks",
				);
				PRODUCT_BUNDLE_IDENTIFIER = com.justintrautman.CleanEats;
				PRODUCT_NAME = "$(TARGET_NAME)";
				SWIFT_VERSION = 4.0;
				TARGETED_DEVICE_FAMILY = "1,2";
			};
			name = Release;
		};
		D0895E3120E1A71D00EB1307 /* Debug */ = {
			isa = XCBuildConfiguration;
			buildSettings = {
				ALWAYS_EMBED_SWIFT_STANDARD_LIBRARIES = YES;
				BUNDLE_LOADER = "$(TEST_HOST)";
				CODE_SIGN_STYLE = Automatic;
				DEVELOPMENT_TEAM = QE6MX92YZ5;
				INFOPLIST_FILE = CleanEatsTests/Info.plist;
				LD_RUNPATH_SEARCH_PATHS = (
					"$(inherited)",
					"@executable_path/Frameworks",
					"@loader_path/Frameworks",
				);
				PRODUCT_BUNDLE_IDENTIFIER = com.justintrautman.CleanEatsTests;
				PRODUCT_NAME = "$(TARGET_NAME)";
				SWIFT_VERSION = 4.0;
				TARGETED_DEVICE_FAMILY = "1,2";
				TEST_HOST = "$(BUILT_PRODUCTS_DIR)/CleanEats.app/CleanEats";
			};
			name = Debug;
		};
		D0895E3220E1A71D00EB1307 /* Release */ = {
			isa = XCBuildConfiguration;
			buildSettings = {
				ALWAYS_EMBED_SWIFT_STANDARD_LIBRARIES = YES;
				BUNDLE_LOADER = "$(TEST_HOST)";
				CODE_SIGN_STYLE = Automatic;
				DEVELOPMENT_TEAM = QE6MX92YZ5;
				INFOPLIST_FILE = CleanEatsTests/Info.plist;
				LD_RUNPATH_SEARCH_PATHS = (
					"$(inherited)",
					"@executable_path/Frameworks",
					"@loader_path/Frameworks",
				);
				PRODUCT_BUNDLE_IDENTIFIER = com.justintrautman.CleanEatsTests;
				PRODUCT_NAME = "$(TARGET_NAME)";
				SWIFT_VERSION = 4.0;
				TARGETED_DEVICE_FAMILY = "1,2";
				TEST_HOST = "$(BUILT_PRODUCTS_DIR)/CleanEats.app/CleanEats";
			};
			name = Release;
		};
		D0895E3420E1A71D00EB1307 /* Debug */ = {
			isa = XCBuildConfiguration;
			buildSettings = {
				ALWAYS_EMBED_SWIFT_STANDARD_LIBRARIES = YES;
				CODE_SIGN_STYLE = Automatic;
				DEVELOPMENT_TEAM = 84KK7ZSRKT;
				INFOPLIST_FILE = CleanEatsUITests/Info.plist;
				LD_RUNPATH_SEARCH_PATHS = (
					"$(inherited)",
					"@executable_path/Frameworks",
					"@loader_path/Frameworks",
				);
				PRODUCT_BUNDLE_IDENTIFIER = com.justintrautman.CleanEatsUITests;
				PRODUCT_NAME = "$(TARGET_NAME)";
				SWIFT_VERSION = 4.0;
				TARGETED_DEVICE_FAMILY = "1,2";
				TEST_TARGET_NAME = CleanEats;
			};
			name = Debug;
		};
		D0895E3520E1A71D00EB1307 /* Release */ = {
			isa = XCBuildConfiguration;
			buildSettings = {
				ALWAYS_EMBED_SWIFT_STANDARD_LIBRARIES = YES;
				CODE_SIGN_STYLE = Automatic;
				DEVELOPMENT_TEAM = 84KK7ZSRKT;
				INFOPLIST_FILE = CleanEatsUITests/Info.plist;
				LD_RUNPATH_SEARCH_PATHS = (
					"$(inherited)",
					"@executable_path/Frameworks",
					"@loader_path/Frameworks",
				);
				PRODUCT_BUNDLE_IDENTIFIER = com.justintrautman.CleanEatsUITests;
				PRODUCT_NAME = "$(TARGET_NAME)";
				SWIFT_VERSION = 4.0;
				TARGETED_DEVICE_FAMILY = "1,2";
				TEST_TARGET_NAME = CleanEats;
			};
			name = Release;
		};
/* End XCBuildConfiguration section */

/* Begin XCConfigurationList section */
		D0895E0020E1A71C00EB1307 /* Build configuration list for PBXProject "CleanEats" */ = {
			isa = XCConfigurationList;
			buildConfigurations = (
				D0895E2B20E1A71D00EB1307 /* Debug */,
				D0895E2C20E1A71D00EB1307 /* Release */,
			);
			defaultConfigurationIsVisible = 0;
			defaultConfigurationName = Release;
		};
		D0895E2D20E1A71D00EB1307 /* Build configuration list for PBXNativeTarget "CleanEats" */ = {
			isa = XCConfigurationList;
			buildConfigurations = (
				D0895E2E20E1A71D00EB1307 /* Debug */,
				D0895E2F20E1A71D00EB1307 /* Release */,
			);
			defaultConfigurationIsVisible = 0;
			defaultConfigurationName = Release;
		};
		D0895E3020E1A71D00EB1307 /* Build configuration list for PBXNativeTarget "CleanEatsTests" */ = {
			isa = XCConfigurationList;
			buildConfigurations = (
				D0895E3120E1A71D00EB1307 /* Debug */,
				D0895E3220E1A71D00EB1307 /* Release */,
			);
			defaultConfigurationIsVisible = 0;
			defaultConfigurationName = Release;
		};
		D0895E3320E1A71D00EB1307 /* Build configuration list for PBXNativeTarget "CleanEatsUITests" */ = {
			isa = XCConfigurationList;
			buildConfigurations = (
				D0895E3420E1A71D00EB1307 /* Debug */,
				D0895E3520E1A71D00EB1307 /* Release */,
			);
			defaultConfigurationIsVisible = 0;
			defaultConfigurationName = Release;
		};
/* End XCConfigurationList section */
	};
	rootObject = D0895DFD20E1A71C00EB1307 /* Project object */;
}
